
Microsoft Visual Studio Solution File, Format Version 12.00
# Visual Studio Version 16
VisualStudioVersion = 16.0.30907.101
MinimumVisualStudioVersion = 10.0.40219.1
Project("{E24C65DC-7377-472B-9ABA-BC803B73C61A}") = "web-guitar", ".", "{E5018522-B91E-424B-AF39-6F1C1C7A3F3B}"
	ProjectSection(WebsiteProperties) = preProject
		TargetFrameworkMoniker = ".NETFramework,Version%3Dv4.0"
		Debug.AspNetCompiler.VirtualPath = "/localhost_56063"
		Debug.AspNetCompiler.PhysicalPath = "..\web-guitar\"
		Debug.AspNetCompiler.TargetPath = "PrecompiledWeb\localhost_56063\"
		Debug.AspNetCompiler.Updateable = "true"
		Debug.AspNetCompiler.ForceOverwrite = "true"
		Debug.AspNetCompiler.FixedNames = "false"
		Debug.AspNetCompiler.Debug = "True"
		Release.AspNetCompiler.VirtualPath = "/localhost_56063"
		Release.AspNetCompiler.PhysicalPath = "..\web-guitar\"
		Release.AspNetCompiler.TargetPath = "PrecompiledWeb\localhost_56063\"
		Release.AspNetCompiler.Updateable = "true"
		Release.AspNetCompiler.ForceOverwrite = "true"
		Release.AspNetCompiler.FixedNames = "false"
		Release.AspNetCompiler.Debug = "False"
		VWDPort = "56063"
		SlnRelativePath = "..\web-guitar\"
	EndProjectSection
EndProject
Global
	GlobalSection(SolutionConfigurationPlatforms) = preSolution
		Debug|Any CPU = Debug|Any CPU
	EndGlobalSection
	GlobalSection(ProjectConfigurationPlatforms) = postSolution
		{E5018522-B91E-424B-AF39-6F1C1C7A3F3B}.Debug|Any CPU.ActiveCfg = Debug|Any CPU
		{E5018522-B91E-424B-AF39-6F1C1C7A3F3B}.Debug|Any CPU.Build.0 = Debug|Any CPU
	EndGlobalSection
	GlobalSection(SolutionProperties) = preSolution
		HideSolutionNode = FALSE
	EndGlobalSection
	GlobalSection(ExtensibilityGlobals) = postSolution
		SolutionGuid = {E9E8F115-74AA-4D3C-8D56-1F0B7BC2CA84}
	EndGlobalSection
EndGlobal
